
Microsoft Visual Studio Solution File, Format Version 12.00
# Visual Studio Version 17
VisualStudioVersion = 17.10.35122.118
MinimumVisualStudioVersion = 10.0.40219.1
Project("{FAE04EC0-301F-11D3-BF4B-00C04F79EFBC}") = "SupermercadoVirtual", "SupermercadoVirtual\SupermercadoVirtual.csproj", "{0413D1AB-46CF-4433-A8A4-F0C7368E3DCF}"
EndProject
Global
	GlobalSection(SolutionConfigurationPlatforms) = preSolution
		Debug|Any CPU = Debug|Any CPU
		Release|Any CPU = Release|Any CPU
	EndGlobalSection
	GlobalSection(ProjectConfigurationPlatforms) = postSolution
		{0413D1AB-46CF-4433-A8A4-F0C7368E3DCF}.Debug|Any CPU.ActiveCfg = Debug|Any CPU
		{0413D1AB-46CF-4433-A8A4-F0C7368E3DCF}.Debug|Any CPU.Build.0 = Debug|Any CPU
		{0413D1AB-46CF-4433-A8A4-F0C7368E3DCF}.Release|Any CPU.ActiveCfg = Release|Any CPU
		{0413D1AB-46CF-4433-A8A4-F0C7368E3DCF}.Release|Any CPU.Build.0 = Release|Any CPU
	EndGlobalSection
	GlobalSection(SolutionProperties) = preSolution
		HideSolutionNode = FALSE
	EndGlobalSection
	GlobalSection(ExtensibilityGlobals) = postSolution
		SolutionGuid = {4940B1BF-C765-402A-A233-C72FF5C82CB4}
	EndGlobalSection
EndGlobal
